// !$*UTF8*$!
{
	archiveVersion = 1;
	classes = {
	};
	objectVersion = 60;
	objects = {

/* Begin PBXBuildFile section */
		9741A9C22C29165E00455CEC /* AppDelegate.swift in Sources */ = {isa = PBXBuildFile; fileRef = 9741A9C12C29165E00455CEC /* AppDelegate.swift */; };
		9741A9C42C29165E00455CEC /* SceneDelegate.swift in Sources */ = {isa = PBXBuildFile; fileRef = 9741A9C32C29165E00455CEC /* SceneDelegate.swift */; };
		9741A9C62C29165E00455CEC /* ViewController.swift in Sources */ = {isa = PBXBuildFile; fileRef = 9741A9C52C29165E00455CEC /* ViewController.swift */; };
		9741A9C92C29165E00455CEC /* Base in Resources */ = {isa = PBXBuildFile; fileRef = 9741A9C82C29165E00455CEC /* Base */; };
		975EA8CE2C2A41F000B9CEC7 /* LaunchScreen.storyboard in Resources */ = {isa = PBXBuildFile; fileRef = 975EA8CD2C2A41F000B9CEC7 /* LaunchScreen.storyboard */; };
		975EA8D02C2A430000B9CEC7 /* LeaderBoardViewController.swift in Sources */ = {isa = PBXBuildFile; fileRef = 975EA8CF2C2A430000B9CEC7 /* LeaderBoardViewController.swift */; };
		97B0A2062C292B8100A132C4 /* FirebaseAnalyticsWithoutAdIdSupport in Frameworks */ = {isa = PBXBuildFile; productRef = 97B0A2052C292B8100A132C4 /* FirebaseAnalyticsWithoutAdIdSupport */; };
		97B0A2082C292B8100A132C4 /* FirebaseAuth in Frameworks */ = {isa = PBXBuildFile; productRef = 97B0A2072C292B8100A132C4 /* FirebaseAuth */; };
		97B0A20A2C292B8100A132C4 /* FirebaseAuthCombine-Community in Frameworks */ = {isa = PBXBuildFile; productRef = 97B0A2092C292B8100A132C4 /* FirebaseAuthCombine-Community */; };
		97B0A20C2C292B8100A132C4 /* FirebaseCrashlytics in Frameworks */ = {isa = PBXBuildFile; productRef = 97B0A20B2C292B8100A132C4 /* FirebaseCrashlytics */; };
		97B0A20E2C292B8100A132C4 /* FirebaseDatabase in Frameworks */ = {isa = PBXBuildFile; productRef = 97B0A20D2C292B8100A132C4 /* FirebaseDatabase */; };
		97B0A2102C292B8100A132C4 /* FirebaseDatabaseSwift in Frameworks */ = {isa = PBXBuildFile; productRef = 97B0A20F2C292B8100A132C4 /* FirebaseDatabaseSwift */; };
		97B0A2122C292B8100A132C4 /* FirebaseFirestore in Frameworks */ = {isa = PBXBuildFile; productRef = 97B0A2112C292B8100A132C4 /* FirebaseFirestore */; };
		97B0A2142C292B8100A132C4 /* FirebaseFirestoreSwift in Frameworks */ = {isa = PBXBuildFile; productRef = 97B0A2132C292B8100A132C4 /* FirebaseFirestoreSwift */; };
		97B0A2162C292B8100A132C4 /* FirebaseInAppMessaging-Beta in Frameworks */ = {isa = PBXBuildFile; productRef = 97B0A2152C292B8100A132C4 /* FirebaseInAppMessaging-Beta */; };
		97B0A2182C292B8100A132C4 /* FirebaseInAppMessagingSwift-Beta in Frameworks */ = {isa = PBXBuildFile; productRef = 97B0A2172C292B8100A132C4 /* FirebaseInAppMessagingSwift-Beta */; };
		97B0A21A2C292B8100A132C4 /* FirebaseMessaging in Frameworks */ = {isa = PBXBuildFile; productRef = 97B0A2192C292B8100A132C4 /* FirebaseMessaging */; };
		97B0A21C2C292B8100A132C4 /* FirebaseRemoteConfig in Frameworks */ = {isa = PBXBuildFile; productRef = 97B0A21B2C292B8100A132C4 /* FirebaseRemoteConfig */; };
		97B0A21E2C292B8100A132C4 /* FirebaseRemoteConfigSwift in Frameworks */ = {isa = PBXBuildFile; productRef = 97B0A21D2C292B8100A132C4 /* FirebaseRemoteConfigSwift */; };
		97B0A2202C292B8100A132C4 /* FirebaseStorage in Frameworks */ = {isa = PBXBuildFile; productRef = 97B0A21F2C292B8100A132C4 /* FirebaseStorage */; };
		97B0A2222C292B8100A132C4 /* FirebaseStorageCombine-Community in Frameworks */ = {isa = PBXBuildFile; productRef = 97B0A2212C292B8100A132C4 /* FirebaseStorageCombine-Community */; };
		97FC0A2B2C2948B2000240D3 /* SignUpViewController.swift in Sources */ = {isa = PBXBuildFile; fileRef = 97FC0A2A2C2948B2000240D3 /* SignUpViewController.swift */; };
		97FC0A2D2C294D82000240D3 /* GoogleService-Info.plist in Resources */ = {isa = PBXBuildFile; fileRef = 97FC0A2C2C294D82000240D3 /* GoogleService-Info.plist */; };
		97FC0A2F2C29505C000240D3 /* InitialViewController.swift in Sources */ = {isa = PBXBuildFile; fileRef = 97FC0A2E2C29505C000240D3 /* InitialViewController.swift */; };
		97FC0A312C295282000240D3 /* LoginViewControllerViewController.swift in Sources */ = {isa = PBXBuildFile; fileRef = 97FC0A302C295282000240D3 /* LoginViewControllerViewController.swift */; };
		97FC0A332C2A40C9000240D3 /* Assets.xcassets in Resources */ = {isa = PBXBuildFile; fileRef = 97FC0A322C2A40C9000240D3 /* Assets.xcassets */; };
/* End PBXBuildFile section */

/* Begin PBXFileReference section */
		9741A9BE2C29165E00455CEC /* GIA-RecycleRush.app */ = {isa = PBXFileReference; explicitFileType = wrapper.application; includeInIndex = 0; path = "GIA-RecycleRush.app"; sourceTree = BUILT_PRODUCTS_DIR; };
		9741A9C12C29165E00455CEC /* AppDelegate.swift */ = {isa = PBXFileReference; lastKnownFileType = sourcecode.swift; path = AppDelegate.swift; sourceTree = "<group>"; };
		9741A9C32C29165E00455CEC /* SceneDelegate.swift */ = {isa = PBXFileReference; lastKnownFileType = sourcecode.swift; path = SceneDelegate.swift; sourceTree = "<group>"; };
		9741A9C52C29165E00455CEC /* ViewController.swift */ = {isa = PBXFileReference; lastKnownFileType = sourcecode.swift; path = ViewController.swift; sourceTree = "<group>"; };
		9741A9C82C29165E00455CEC /* Base */ = {isa = PBXFileReference; lastKnownFileType = file.storyboard; name = Base; path = Base.lproj/Main.storyboard; sourceTree = "<group>"; };
		9741A9CF2C29165F00455CEC /* Info.plist */ = {isa = PBXFileReference; lastKnownFileType = text.plist.xml; path = Info.plist; sourceTree = "<group>"; };
		975EA8CD2C2A41F000B9CEC7 /* LaunchScreen.storyboard */ = {isa = PBXFileReference; fileEncoding = 4; lastKnownFileType = file.storyboard; path = LaunchScreen.storyboard; sourceTree = "<group>"; };
		975EA8CF2C2A430000B9CEC7 /* LeaderBoardViewController.swift */ = {isa = PBXFileReference; lastKnownFileType = sourcecode.swift; path = LeaderBoardViewController.swift; sourceTree = "<group>"; };
		97FC0A2A2C2948B2000240D3 /* SignUpViewController.swift */ = {isa = PBXFileReference; lastKnownFileType = sourcecode.swift; path = SignUpViewController.swift; sourceTree = "<group>"; };
		97FC0A2C2C294D82000240D3 /* GoogleService-Info.plist */ = {isa = PBXFileReference; fileEncoding = 4; lastKnownFileType = text.plist.xml; path = "GoogleService-Info.plist"; sourceTree = "<group>"; };
		97FC0A2E2C29505C000240D3 /* InitialViewController.swift */ = {isa = PBXFileReference; lastKnownFileType = sourcecode.swift; path = InitialViewController.swift; sourceTree = "<group>"; };
		97FC0A302C295282000240D3 /* LoginViewControllerViewController.swift */ = {isa = PBXFileReference; lastKnownFileType = sourcecode.swift; path = LoginViewControllerViewController.swift; sourceTree = "<group>"; };
		97FC0A322C2A40C9000240D3 /* Assets.xcassets */ = {isa = PBXFileReference; lastKnownFileType = folder.assetcatalog; name = Assets.xcassets; path = ../Assets.xcassets; sourceTree = "<group>"; };
/* End PBXFileReference section */

/* Begin PBXFrameworksBuildPhase section */
		9741A9BB2C29165E00455CEC /* Frameworks */ = {
			isa = PBXFrameworksBuildPhase;
			buildActionMask = 2147483647;
			files = (
				97B0A2102C292B8100A132C4 /* FirebaseDatabaseSwift in Frameworks */,
				97B0A20E2C292B8100A132C4 /* FirebaseDatabase in Frameworks */,
				97B0A2182C292B8100A132C4 /* FirebaseInAppMessagingSwift-Beta in Frameworks */,
				97B0A21C2C292B8100A132C4 /* FirebaseRemoteConfig in Frameworks */,
				97B0A2162C292B8100A132C4 /* FirebaseInAppMessaging-Beta in Frameworks */,
				97B0A2062C292B8100A132C4 /* FirebaseAnalyticsWithoutAdIdSupport in Frameworks */,
				97B0A20C2C292B8100A132C4 /* FirebaseCrashlytics in Frameworks */,
				97B0A2222C292B8100A132C4 /* FirebaseStorageCombine-Community in Frameworks */,
				97B0A20A2C292B8100A132C4 /* FirebaseAuthCombine-Community in Frameworks */,
				97B0A2082C292B8100A132C4 /* FirebaseAuth in Frameworks */,
				97B0A2122C292B8100A132C4 /* FirebaseFirestore in Frameworks */,
				97B0A21A2C292B8100A132C4 /* FirebaseMessaging in Frameworks */,
				97B0A2202C292B8100A132C4 /* FirebaseStorage in Frameworks */,
				97B0A2142C292B8100A132C4 /* FirebaseFirestoreSwift in Frameworks */,
				97B0A21E2C292B8100A132C4 /* FirebaseRemoteConfigSwift in Frameworks */,
			);
			runOnlyForDeploymentPostprocessing = 0;
		};
/* End PBXFrameworksBuildPhase section */

/* Begin PBXGroup section */
		9741A9B52C29165E00455CEC = {
			isa = PBXGroup;
			children = (
				9741A9C02C29165E00455CEC /* GIA-RecycleRush */,
				9741A9BF2C29165E00455CEC /* Products */,
			);
			sourceTree = "<group>";
		};
		9741A9BF2C29165E00455CEC /* Products */ = {
			isa = PBXGroup;
			children = (
				9741A9BE2C29165E00455CEC /* GIA-RecycleRush.app */,
			);
			name = Products;
			sourceTree = "<group>";
		};
		9741A9C02C29165E00455CEC /* GIA-RecycleRush */ = {
			isa = PBXGroup;
			children = (
				97FC0A322C2A40C9000240D3 /* Assets.xcassets */,
				9741A9C12C29165E00455CEC /* AppDelegate.swift */,
				97FC0A2A2C2948B2000240D3 /* SignUpViewController.swift */,
				9741A9C32C29165E00455CEC /* SceneDelegate.swift */,
				9741A9C52C29165E00455CEC /* ViewController.swift */,
				97FC0A2E2C29505C000240D3 /* InitialViewController.swift */,
				9741A9C72C29165E00455CEC /* Main.storyboard */,
				975EA8CF2C2A430000B9CEC7 /* LeaderBoardViewController.swift */,
				97FC0A302C295282000240D3 /* LoginViewControllerViewController.swift */,
				9741A9CF2C29165F00455CEC /* Info.plist */,
				97FC0A2C2C294D82000240D3 /* GoogleService-Info.plist */,
				975EA8CD2C2A41F000B9CEC7 /* LaunchScreen.storyboard */,
			);
			path = "GIA-RecycleRush";
			sourceTree = "<group>";
		};
/* End PBXGroup section */

/* Begin PBXNativeTarget section */
		9741A9BD2C29165E00455CEC /* GIA-RecycleRush */ = {
			isa = PBXNativeTarget;
			buildConfigurationList = 9741A9D22C29165F00455CEC /* Build configuration list for PBXNativeTarget "GIA-RecycleRush" */;
			buildPhases = (
				9741A9BA2C29165E00455CEC /* Sources */,
				9741A9BB2C29165E00455CEC /* Frameworks */,
				9741A9BC2C29165E00455CEC /* Resources */,
			);
			buildRules = (
			);
			dependencies = (
			);
			name = "GIA-RecycleRush";
			packageProductDependencies = (
				97B0A2052C292B8100A132C4 /* FirebaseAnalyticsWithoutAdIdSupport */,
				97B0A2072C292B8100A132C4 /* FirebaseAuth */,
				97B0A2092C292B8100A132C4 /* FirebaseAuthCombine-Community */,
				97B0A20B2C292B8100A132C4 /* FirebaseCrashlytics */,
				97B0A20D2C292B8100A132C4 /* FirebaseDatabase */,
				97B0A20F2C292B8100A132C4 /* FirebaseDatabaseSwift */,
				97B0A2112C292B8100A132C4 /* FirebaseFirestore */,
				97B0A2132C292B8100A132C4 /* FirebaseFirestoreSwift */,
				97B0A2152C292B8100A132C4 /* FirebaseInAppMessaging-Beta */,
				97B0A2172C292B8100A132C4 /* FirebaseInAppMessagingSwift-Beta */,
				97B0A2192C292B8100A132C4 /* FirebaseMessaging */,
				97B0A21B2C292B8100A132C4 /* FirebaseRemoteConfig */,
				97B0A21D2C292B8100A132C4 /* FirebaseRemoteConfigSwift */,
				97B0A21F2C292B8100A132C4 /* FirebaseStorage */,
				97B0A2212C292B8100A132C4 /* FirebaseStorageCombine-Community */,
			);
			productName = "GIA-RecycleRush";
			productReference = 9741A9BE2C29165E00455CEC /* GIA-RecycleRush.app */;
			productType = "com.apple.product-type.application";
		};
/* End PBXNativeTarget section */

/* Begin PBXProject section */
		9741A9B62C29165E00455CEC /* Project object */ = {
			isa = PBXProject;
			attributes = {
				BuildIndependentTargetsInParallel = 1;
				LastSwiftUpdateCheck = 1540;
				LastUpgradeCheck = 1540;
				TargetAttributes = {
					9741A9BD2C29165E00455CEC = {
						CreatedOnToolsVersion = 15.4;
					};
				};
			};
			buildConfigurationList = 9741A9B92C29165E00455CEC /* Build configuration list for PBXProject "GIA-RecycleRush" */;
			compatibilityVersion = "Xcode 15.0";
			developmentRegion = en;
			hasScannedForEncodings = 0;
			knownRegions = (
				en,
				Base,
			);
			mainGroup = 9741A9B52C29165E00455CEC;
			packageReferences = (
				97B0A2042C292B8100A132C4 /* XCRemoteSwiftPackageReference "firebase-ios-sdk" */,
			);
			productRefGroup = 9741A9BF2C29165E00455CEC /* Products */;
			projectDirPath = "";
			projectRoot = "";
			targets = (
				9741A9BD2C29165E00455CEC /* GIA-RecycleRush */,
			);
		};
/* End PBXProject section */

/* Begin PBXResourcesBuildPhase section */
		9741A9BC2C29165E00455CEC /* Resources */ = {
			isa = PBXResourcesBuildPhase;
			buildActionMask = 2147483647;
			files = (
				97FC0A2D2C294D82000240D3 /* GoogleService-Info.plist in Resources */,
				975EA8CE2C2A41F000B9CEC7 /* LaunchScreen.storyboard in Resources */,
				97FC0A332C2A40C9000240D3 /* Assets.xcassets in Resources */,
				9741A9C92C29165E00455CEC /* Base in Resources */,
			);
			runOnlyForDeploymentPostprocessing = 0;
		};
/* End PBXResourcesBuildPhase section */

/* Begin PBXSourcesBuildPhase section */
		9741A9BA2C29165E00455CEC /* Sources */ = {
			isa = PBXSourcesBuildPhase;
			buildActionMask = 2147483647;
			files = (
				975EA8D02C2A430000B9CEC7 /* LeaderBoardViewController.swift in Sources */,
				97FC0A2F2C29505C000240D3 /* InitialViewController.swift in Sources */,
				97FC0A312C295282000240D3 /* LoginViewControllerViewController.swift in Sources */,
				9741A9C62C29165E00455CEC /* ViewController.swift in Sources */,
				9741A9C22C29165E00455CEC /* AppDelegate.swift in Sources */,
				97FC0A2B2C2948B2000240D3 /* SignUpViewController.swift in Sources */,
				9741A9C42C29165E00455CEC /* SceneDelegate.swift in Sources */,
			);
			runOnlyForDeploymentPostprocessing = 0;
		};
/* End PBXSourcesBuildPhase section */

/* Begin PBXVariantGroup section */
		9741A9C72C29165E00455CEC /* Main.storyboard */ = {
			isa = PBXVariantGroup;
			children = (
				9741A9C82C29165E00455CEC /* Base */,
			);
			name = Main.storyboard;
			sourceTree = "<group>";
		};
/* End PBXVariantGroup section */

/* Begin XCBuildConfiguration section */
		9741A9D02C29165F00455CEC /* Debug */ = {
			isa = XCBuildConfiguration;
			buildSettings = {
				ALWAYS_SEARCH_USER_PATHS = NO;
				ASSETCATALOG_COMPILER_GENERATE_SWIFT_ASSET_SYMBOL_EXTENSIONS = YES;
				CLANG_ANALYZER_NONNULL = YES;
				CLANG_ANALYZER_NUMBER_OBJECT_CONVERSION = YES_AGGRESSIVE;
				CLANG_CXX_LANGUAGE_STANDARD = "gnu++20";
				CLANG_ENABLE_MODULES = YES;
				CLANG_ENABLE_OBJC_ARC = YES;
				CLANG_ENABLE_OBJC_WEAK = YES;
				CLANG_WARN_BLOCK_CAPTURE_AUTORELEASING = YES;
				CLANG_WARN_BOOL_CONVERSION = YES;
				CLANG_WARN_COMMA = YES;
				CLANG_WARN_CONSTANT_CONVERSION = YES;
				CLANG_WARN_DEPRECATED_OBJC_IMPLEMENTATIONS = YES;
				CLANG_WARN_DIRECT_OBJC_ISA_USAGE = YES_ERROR;
				CLANG_WARN_DOCUMENTATION_COMMENTS = YES;
				CLANG_WARN_EMPTY_BODY = YES;
				CLANG_WARN_ENUM_CONVERSION = YES;
				CLANG_WARN_INFINITE_RECURSION = YES;
				CLANG_WARN_INT_CONVERSION = YES;
				CLANG_WARN_NON_LITERAL_NULL_CONVERSION = YES;
				CLANG_WARN_OBJC_IMPLICIT_RETAIN_SELF = YES;
				CLANG_WARN_OBJC_LITERAL_CONVERSION = YES;
				CLANG_WARN_OBJC_ROOT_CLASS = YES_ERROR;
				CLANG_WARN_QUOTED_INCLUDE_IN_FRAMEWORK_HEADER = YES;
				CLANG_WARN_RANGE_LOOP_ANALYSIS = YES;
				CLANG_WARN_STRICT_PROTOTYPES = YES;
				CLANG_WARN_SUSPICIOUS_MOVE = YES;
				CLANG_WARN_UNGUARDED_AVAILABILITY = YES_AGGRESSIVE;
				CLANG_WARN_UNREACHABLE_CODE = YES;
				CLANG_WARN__DUPLICATE_METHOD_MATCH = YES;
				COPY_PHASE_STRIP = NO;
				DEBUG_INFORMATION_FORMAT = dwarf;
				ENABLE_STRICT_OBJC_MSGSEND = YES;
				ENABLE_TESTABILITY = YES;
				ENABLE_USER_SCRIPT_SANDBOXING = YES;
				GCC_C_LANGUAGE_STANDARD = gnu17;
				GCC_DYNAMIC_NO_PIC = NO;
				GCC_NO_COMMON_BLOCKS = YES;
				GCC_OPTIMIZATION_LEVEL = 0;
				GCC_PREPROCESSOR_DEFINITIONS = (
					"DEBUG=1",
					"$(inherited)",
				);
				GCC_WARN_64_TO_32_BIT_CONVERSION = YES;
				GCC_WARN_ABOUT_RETURN_TYPE = YES_ERROR;
				GCC_WARN_UNDECLARED_SELECTOR = YES;
				GCC_WARN_UNINITIALIZED_AUTOS = YES_AGGRESSIVE;
				GCC_WARN_UNUSED_FUNCTION = YES;
				GCC_WARN_UNUSED_VARIABLE = YES;
				IPHONEOS_DEPLOYMENT_TARGET = 17.5;
				LOCALIZATION_PREFERS_STRING_CATALOGS = YES;
				MTL_ENABLE_DEBUG_INFO = INCLUDE_SOURCE;
				MTL_FAST_MATH = YES;
				ONLY_ACTIVE_ARCH = YES;
				SDKROOT = iphoneos;
				SWIFT_ACTIVE_COMPILATION_CONDITIONS = "DEBUG $(inherited)";
				SWIFT_OPTIMIZATION_LEVEL = "-Onone";
			};
			name = Debug;
		};
		9741A9D12C29165F00455CEC /* Release */ = {
			isa = XCBuildConfiguration;
			buildSettings = {
				ALWAYS_SEARCH_USER_PATHS = NO;
				ASSETCATALOG_COMPILER_GENERATE_SWIFT_ASSET_SYMBOL_EXTENSIONS = YES;
				CLANG_ANALYZER_NONNULL = YES;
				CLANG_ANALYZER_NUMBER_OBJECT_CONVERSION = YES_AGGRESSIVE;
				CLANG_CXX_LANGUAGE_STANDARD = "gnu++20";
				CLANG_ENABLE_MODULES = YES;
				CLANG_ENABLE_OBJC_ARC = YES;
				CLANG_ENABLE_OBJC_WEAK = YES;
				CLANG_WARN_BLOCK_CAPTURE_AUTORELEASING = YES;
				CLANG_WARN_BOOL_CONVERSION = YES;
				CLANG_WARN_COMMA = YES;
				CLANG_WARN_CONSTANT_CONVERSION = YES;
				CLANG_WARN_DEPRECATED_OBJC_IMPLEMENTATIONS = YES;
				CLANG_WARN_DIRECT_OBJC_ISA_USAGE = YES_ERROR;
				CLANG_WARN_DOCUMENTATION_COMMENTS = YES;
				CLANG_WARN_EMPTY_BODY = YES;
				CLANG_WARN_ENUM_CONVERSION = YES;
				CLANG_WARN_INFINITE_RECURSION = YES;
				CLANG_WARN_INT_CONVERSION = YES;
				CLANG_WARN_NON_LITERAL_NULL_CONVERSION = YES;
				CLANG_WARN_OBJC_IMPLICIT_RETAIN_SELF = YES;
				CLANG_WARN_OBJC_LITERAL_CONVERSION = YES;
				CLANG_WARN_OBJC_ROOT_CLASS = YES_ERROR;
				CLANG_WARN_QUOTED_INCLUDE_IN_FRAMEWORK_HEADER = YES;
				CLANG_WARN_RANGE_LOOP_ANALYSIS = YES;
				CLANG_WARN_STRICT_PROTOTYPES = YES;
				CLANG_WARN_SUSPICIOUS_MOVE = YES;
				CLANG_WARN_UNGUARDED_AVAILABILITY = YES_AGGRESSIVE;
				CLANG_WARN_UNREACHABLE_CODE = YES;
				CLANG_WARN__DUPLICATE_METHOD_MATCH = YES;
				COPY_PHASE_STRIP = NO;
				DEBUG_INFORMATION_FORMAT = "dwarf-with-dsym";
				ENABLE_NS_ASSERTIONS = NO;
				ENABLE_STRICT_OBJC_MSGSEND = YES;
				ENABLE_USER_SCRIPT_SANDBOXING = YES;
				GCC_C_LANGUAGE_STANDARD = gnu17;
				GCC_NO_COMMON_BLOCKS = YES;
				GCC_WARN_64_TO_32_BIT_CONVERSION = YES;
				GCC_WARN_ABOUT_RETURN_TYPE = YES_ERROR;
				GCC_WARN_UNDECLARED_SELECTOR = YES;
				GCC_WARN_UNINITIALIZED_AUTOS = YES_AGGRESSIVE;
				GCC_WARN_UNUSED_FUNCTION = YES;
				GCC_WARN_UNUSED_VARIABLE = YES;
				IPHONEOS_DEPLOYMENT_TARGET = 17.5;
				LOCALIZATION_PREFERS_STRING_CATALOGS = YES;
				MTL_ENABLE_DEBUG_INFO = NO;
				MTL_FAST_MATH = YES;
				SDKROOT = iphoneos;
				SWIFT_COMPILATION_MODE = wholemodule;
				VALIDATE_PRODUCT = YES;
			};
			name = Release;
		};
		9741A9D32C29165F00455CEC /* Debug */ = {
			isa = XCBuildConfiguration;
			buildSettings = {
				ASSETCATALOG_COMPILER_APPICON_NAME = AppIcon;
				ASSETCATALOG_COMPILER_GLOBAL_ACCENT_COLOR_NAME = AccentColor;
				CODE_SIGN_STYLE = Automatic;
				CURRENT_PROJECT_VERSION = 1;
				DEVELOPMENT_TEAM = CADFLR6868;
				GENERATE_INFOPLIST_FILE = YES;
				INFOPLIST_FILE = "GIA-RecycleRush/Info.plist";
				INFOPLIST_KEY_UIApplicationSupportsIndirectInputEvents = YES;
				INFOPLIST_KEY_UILaunchStoryboardName = LaunchScreen;
				INFOPLIST_KEY_UIMainStoryboardFile = Main;
				INFOPLIST_KEY_UISupportedInterfaceOrientations_iPad = "UIInterfaceOrientationPortrait UIInterfaceOrientationPortraitUpsideDown UIInterfaceOrientationLandscapeLeft UIInterfaceOrientationLandscapeRight";
				INFOPLIST_KEY_UISupportedInterfaceOrientations_iPhone = "UIInterfaceOrientationPortrait UIInterfaceOrientationLandscapeLeft UIInterfaceOrientationLandscapeRight";
				LD_RUNPATH_SEARCH_PATHS = (
					"$(inherited)",
					"@executable_path/Frameworks",
				);
				MARKETING_VERSION = 1.0;
				PRODUCT_BUNDLE_IDENTIFIER = "arp.GIA-RecycleRush";
				PRODUCT_NAME = "$(TARGET_NAME)";
				SWIFT_EMIT_LOC_STRINGS = YES;
				SWIFT_VERSION = 5.0;
				TARGETED_DEVICE_FAMILY = "1,2";
			};
			name = Debug;
		};
		9741A9D42C29165F00455CEC /* Release */ = {
			isa = XCBuildConfiguration;
			buildSettings = {
				ASSETCATALOG_COMPILER_APPICON_NAME = AppIcon;
				ASSETCATALOG_COMPILER_GLOBAL_ACCENT_COLOR_NAME = AccentColor;
				CODE_SIGN_STYLE = Automatic;
				CURRENT_PROJECT_VERSION = 1;
				DEVELOPMENT_TEAM = CADFLR6868;
				GENERATE_INFOPLIST_FILE = YES;
				INFOPLIST_FILE = "GIA-RecycleRush/Info.plist";
				INFOPLIST_KEY_UIApplicationSupportsIndirectInputEvents = YES;
				INFOPLIST_KEY_UILaunchStoryboardName = LaunchScreen;
				INFOPLIST_KEY_UIMainStoryboardFile = Main;
				INFOPLIST_KEY_UISupportedInterfaceOrientations_iPad = "UIInterfaceOrientationPortrait UIInterfaceOrientationPortraitUpsideDown UIInterfaceOrientationLandscapeLeft UIInterfaceOrientationLandscapeRight";
				INFOPLIST_KEY_UISupportedInterfaceOrientations_iPhone = "UIInterfaceOrientationPortrait UIInterfaceOrientationLandscapeLeft UIInterfaceOrientationLandscapeRight";
				LD_RUNPATH_SEARCH_PATHS = (
					"$(inherited)",
					"@executable_path/Frameworks",
				);
				MARKETING_VERSION = 1.0;
				PRODUCT_BUNDLE_IDENTIFIER = "arp.GIA-RecycleRush";
				PRODUCT_NAME = "$(TARGET_NAME)";
				SWIFT_EMIT_LOC_STRINGS = YES;
				SWIFT_VERSION = 5.0;
				TARGETED_DEVICE_FAMILY = "1,2";
			};
			name = Release;
		};
/* End XCBuildConfiguration section */

/* Begin XCConfigurationList section */
		9741A9B92C29165E00455CEC /* Build configuration list for PBXProject "GIA-RecycleRush" */ = {
			isa = XCConfigurationList;
			buildConfigurations = (
				9741A9D02C29165F00455CEC /* Debug */,
				9741A9D12C29165F00455CEC /* Release */,
			);
			defaultConfigurationIsVisible = 0;
			defaultConfigurationName = Release;
		};
		9741A9D22C29165F00455CEC /* Build configuration list for PBXNativeTarget "GIA-RecycleRush" */ = {
			isa = XCConfigurationList;
			buildConfigurations = (
				9741A9D32C29165F00455CEC /* Debug */,
				9741A9D42C29165F00455CEC /* Release */,
			);
			defaultConfigurationIsVisible = 0;
			defaultConfigurationName = Release;
		};
/* End XCConfigurationList section */

/* Begin XCRemoteSwiftPackageReference section */
		97B0A2042C292B8100A132C4 /* XCRemoteSwiftPackageReference "firebase-ios-sdk" */ = {
			isa = XCRemoteSwiftPackageReference;
			repositoryURL = "https://github.com/firebase/firebase-ios-sdk.git";
			requirement = {
				kind = versionRange;
				maximumVersion = 11.0.0;
				minimumVersion = 10.0.0;
			};
		};
/* End XCRemoteSwiftPackageReference section */

/* Begin XCSwiftPackageProductDependency section */
		97B0A2052C292B8100A132C4 /* FirebaseAnalyticsWithoutAdIdSupport */ = {
			isa = XCSwiftPackageProductDependency;
			package = 97B0A2042C292B8100A132C4 /* XCRemoteSwiftPackageReference "firebase-ios-sdk" */;
			productName = FirebaseAnalyticsWithoutAdIdSupport;
		};
		97B0A2072C292B8100A132C4 /* FirebaseAuth */ = {
			isa = XCSwiftPackageProductDependency;
			package = 97B0A2042C292B8100A132C4 /* XCRemoteSwiftPackageReference "firebase-ios-sdk" */;
			productName = FirebaseAuth;
		};
		97B0A2092C292B8100A132C4 /* FirebaseAuthCombine-Community */ = {
			isa = XCSwiftPackageProductDependency;
			package = 97B0A2042C292B8100A132C4 /* XCRemoteSwiftPackageReference "firebase-ios-sdk" */;
			productName = "FirebaseAuthCombine-Community";
		};
		97B0A20B2C292B8100A132C4 /* FirebaseCrashlytics */ = {
			isa = XCSwiftPackageProductDependency;
			package = 97B0A2042C292B8100A132C4 /* XCRemoteSwiftPackageReference "firebase-ios-sdk" */;
			productName = FirebaseCrashlytics;
		};
		97B0A20D2C292B8100A132C4 /* FirebaseDatabase */ = {
			isa = XCSwiftPackageProductDependency;
			package = 97B0A2042C292B8100A132C4 /* XCRemoteSwiftPackageReference "firebase-ios-sdk" */;
			productName = FirebaseDatabase;
		};
		97B0A20F2C292B8100A132C4 /* FirebaseDatabaseSwift */ = {
			isa = XCSwiftPackageProductDependency;
			package = 97B0A2042C292B8100A132C4 /* XCRemoteSwiftPackageReference "firebase-ios-sdk" */;
			productName = FirebaseDatabaseSwift;
		};
		97B0A2112C292B8100A132C4 /* FirebaseFirestore */ = {
			isa = XCSwiftPackageProductDependency;
			package = 97B0A2042C292B8100A132C4 /* XCRemoteSwiftPackageReference "firebase-ios-sdk" */;
			productName = FirebaseFirestore;
		};
		97B0A2132C292B8100A132C4 /* FirebaseFirestoreSwift */ = {
			isa = XCSwiftPackageProductDependency;
			package = 97B0A2042C292B8100A132C4 /* XCRemoteSwiftPackageReference "firebase-ios-sdk" */;
			productName = FirebaseFirestoreSwift;
		};
		97B0A2152C292B8100A132C4 /* FirebaseInAppMessaging-Beta */ = {
			isa = XCSwiftPackageProductDependency;
			package = 97B0A2042C292B8100A132C4 /* XCRemoteSwiftPackageReference "firebase-ios-sdk" */;
			productName = "FirebaseInAppMessaging-Beta";
		};
		97B0A2172C292B8100A132C4 /* FirebaseInAppMessagingSwift-Beta */ = {
			isa = XCSwiftPackageProductDependency;
			package = 97B0A2042C292B8100A132C4 /* XCRemoteSwiftPackageReference "firebase-ios-sdk" */;
			productName = "FirebaseInAppMessagingSwift-Beta";
		};
		97B0A2192C292B8100A132C4 /* FirebaseMessaging */ = {
			isa = XCSwiftPackageProductDependency;
			package = 97B0A2042C292B8100A132C4 /* XCRemoteSwiftPackageReference "firebase-ios-sdk" */;
			productName = FirebaseMessaging;
		};
		97B0A21B2C292B8100A132C4 /* FirebaseRemoteConfig */ = {
			isa = XCSwiftPackageProductDependency;
			package = 97B0A2042C292B8100A132C4 /* XCRemoteSwiftPackageReference "firebase-ios-sdk" */;
			productName = FirebaseRemoteConfig;
		};
		97B0A21D2C292B8100A132C4 /* FirebaseRemoteConfigSwift */ = {
			isa = XCSwiftPackageProductDependency;
			package = 97B0A2042C292B8100A132C4 /* XCRemoteSwiftPackageReference "firebase-ios-sdk" */;
			productName = FirebaseRemoteConfigSwift;
		};
		97B0A21F2C292B8100A132C4 /* FirebaseStorage */ = {
			isa = XCSwiftPackageProductDependency;
			package = 97B0A2042C292B8100A132C4 /* XCRemoteSwiftPackageReference "firebase-ios-sdk" */;
			productName = FirebaseStorage;
		};
		97B0A2212C292B8100A132C4 /* FirebaseStorageCombine-Community */ = {
			isa = XCSwiftPackageProductDependency;
			package = 97B0A2042C292B8100A132C4 /* XCRemoteSwiftPackageReference "firebase-ios-sdk" */;
			productName = "FirebaseStorageCombine-Community";
		};
/* End XCSwiftPackageProductDependency section */
	};
	rootObject = 9741A9B62C29165E00455CEC /* Project object */;
}
